
Microsoft Visual Studio Solution File, Format Version 12.00
# Visual Studio Version 16
VisualStudioVersion = 16.0.32106.194
MinimumVisualStudioVersion = 10.0.40219.1
Project("{FAE04EC0-301F-11D3-BF4B-00C04F79EFBC}") = "Construtor_ClasseProduto", "Construtor_ClasseProduto\Construtor_ClasseProduto.csproj", "{A53B3D35-6C9E-4EF7-9E55-3991FBD6EBE4}"
EndProject
Global
	GlobalSection(SolutionConfigurationPlatforms) = preSolution
		Debug|Any CPU = Debug|Any CPU
		Release|Any CPU = Release|Any CPU
	EndGlobalSection
	GlobalSection(ProjectConfigurationPlatforms) = postSolution
		{A53B3D35-6C9E-4EF7-9E55-3991FBD6EBE4}.Debug|Any CPU.ActiveCfg = Debug|Any CPU
		{A53B3D35-6C9E-4EF7-9E55-3991FBD6EBE4}.Debug|Any CPU.Build.0 = Debug|Any CPU
		{A53B3D35-6C9E-4EF7-9E55-3991FBD6EBE4}.Release|Any CPU.ActiveCfg = Release|Any CPU
		{A53B3D35-6C9E-4EF7-9E55-3991FBD6EBE4}.Release|Any CPU.Build.0 = Release|Any CPU
	EndGlobalSection
	GlobalSection(SolutionProperties) = preSolution
		HideSolutionNode = FALSE
	EndGlobalSection
	GlobalSection(ExtensibilityGlobals) = postSolution
		SolutionGuid = {C15D7C7E-2DCA-4FF2-8124-22D21491F113}
	EndGlobalSection
EndGlobal
